
Microsoft Visual Studio Solution File, Format Version 12.00
# Visual Studio Version 16
VisualStudioVersion = 16.0.30413.136
MinimumVisualStudioVersion = 10.0.40219.1
Project("{9A19103F-16F7-4668-BE54-9A1E7A4F7556}") = "ApiFrontEnd", "ApiFrontEnd\ApiFrontEnd.csproj", "{CB717177-6E2B-42E0-95E2-BC62843D9261}"
EndProject
Project("{9A19103F-16F7-4668-BE54-9A1E7A4F7556}") = "CoreDataFlow", "CoreDataFlow\CoreDataFlow.csproj", "{A477FDFD-7C54-4488-A708-CE98D54A5334}"
EndProject
Project("{9A19103F-16F7-4668-BE54-9A1E7A4F7556}") = "IntegrationDataFlow", "IntegrationDataFlow\IntegrationDataFlow.csproj", "{071D6DD7-A13D-4701-BE3E-860813C044DB}"
EndProject
Project("{FAE04EC0-301F-11D3-BF4B-00C04F79EFBC}") = "DataFlowUnitTest", "DataFlowUnitTest\DataFlowUnitTest.csproj", "{859B376E-0A19-4CBB-A71A-CDA14A57F0F5}"
EndProject
Global
	GlobalSection(SolutionConfigurationPlatforms) = preSolution
		Debug|Any CPU = Debug|Any CPU
		Release|Any CPU = Release|Any CPU
	EndGlobalSection
	GlobalSection(ProjectConfigurationPlatforms) = postSolution
		{CB717177-6E2B-42E0-95E2-BC62843D9261}.Debug|Any CPU.ActiveCfg = Debug|Any CPU
		{CB717177-6E2B-42E0-95E2-BC62843D9261}.Debug|Any CPU.Build.0 = Debug|Any CPU
		{CB717177-6E2B-42E0-95E2-BC62843D9261}.Release|Any CPU.ActiveCfg = Release|Any CPU
		{CB717177-6E2B-42E0-95E2-BC62843D9261}.Release|Any CPU.Build.0 = Release|Any CPU
		{A477FDFD-7C54-4488-A708-CE98D54A5334}.Debug|Any CPU.ActiveCfg = Debug|Any CPU
		{A477FDFD-7C54-4488-A708-CE98D54A5334}.Debug|Any CPU.Build.0 = Debug|Any CPU
		{A477FDFD-7C54-4488-A708-CE98D54A5334}.Release|Any CPU.ActiveCfg = Release|Any CPU
		{A477FDFD-7C54-4488-A708-CE98D54A5334}.Release|Any CPU.Build.0 = Release|Any CPU
		{071D6DD7-A13D-4701-BE3E-860813C044DB}.Debug|Any CPU.ActiveCfg = Debug|Any CPU
		{071D6DD7-A13D-4701-BE3E-860813C044DB}.Debug|Any CPU.Build.0 = Debug|Any CPU
		{071D6DD7-A13D-4701-BE3E-860813C044DB}.Release|Any CPU.ActiveCfg = Release|Any CPU
		{071D6DD7-A13D-4701-BE3E-860813C044DB}.Release|Any CPU.Build.0 = Release|Any CPU
		{859B376E-0A19-4CBB-A71A-CDA14A57F0F5}.Debug|Any CPU.ActiveCfg = Debug|Any CPU
		{859B376E-0A19-4CBB-A71A-CDA14A57F0F5}.Debug|Any CPU.Build.0 = Debug|Any CPU
		{859B376E-0A19-4CBB-A71A-CDA14A57F0F5}.Release|Any CPU.ActiveCfg = Release|Any CPU
		{859B376E-0A19-4CBB-A71A-CDA14A57F0F5}.Release|Any CPU.Build.0 = Release|Any CPU
	EndGlobalSection
	GlobalSection(SolutionProperties) = preSolution
		HideSolutionNode = FALSE
	EndGlobalSection
	GlobalSection(ExtensibilityGlobals) = postSolution
		SolutionGuid = {73826231-47E8-4323-987C-6C64311998EE}
	EndGlobalSection
EndGlobal
